# generated by rye
# use `rye lock` or `rye sync` to update this lockfile
#
# last locked with the following flags:
#   pre: false
#   features: []
#   all-features: false

-e file:.
exceptiongroup==1.1.2
iniconfig==2.0.0
mysql-connector-python==8.1.0
packaging==23.1
pluggy==1.2.0
protobuf==4.21.12
psycopg2-binary==2.9.6
pytest==7.4.0
tomli==2.0.1
